
Microsoft Visual Studio Solution File, Format Version 12.00
# Visual Studio 14
VisualStudioVersion = 14.0.25123.0
MinimumVisualStudioVersion = 10.0.40219.1
Project("{FAE04EC0-301F-11D3-BF4B-00C04F79EFBC}") = "Chappyware.Collector", "Collector\Chappyware.Collector.csproj", "{30F3F891-F267-4D31-A82D-D5A2A19D0650}"
EndProject
Project("{FAE04EC0-301F-11D3-BF4B-00C04F79EFBC}") = "Chappyware.Data", "Data\Chappyware.Data.csproj", "{4C3986D3-CF66-45CF-999E-4DD3A6F5500E}"
EndProject
Global
	GlobalSection(SolutionConfigurationPlatforms) = preSolution
		Debug|Any CPU = Debug|Any CPU
		Release|Any CPU = Release|Any CPU
	EndGlobalSection
	GlobalSection(ProjectConfigurationPlatforms) = postSolution
		{30F3F891-F267-4D31-A82D-D5A2A19D0650}.Debug|Any CPU.ActiveCfg = Debug|Any CPU
		{30F3F891-F267-4D31-A82D-D5A2A19D0650}.Debug|Any CPU.Build.0 = Debug|Any CPU
		{30F3F891-F267-4D31-A82D-D5A2A19D0650}.Release|Any CPU.ActiveCfg = Release|Any CPU
		{30F3F891-F267-4D31-A82D-D5A2A19D0650}.Release|Any CPU.Build.0 = Release|Any CPU
		{4C3986D3-CF66-45CF-999E-4DD3A6F5500E}.Debug|Any CPU.ActiveCfg = Debug|Any CPU
		{4C3986D3-CF66-45CF-999E-4DD3A6F5500E}.Debug|Any CPU.Build.0 = Debug|Any CPU
		{4C3986D3-CF66-45CF-999E-4DD3A6F5500E}.Release|Any CPU.ActiveCfg = Release|Any CPU
		{4C3986D3-CF66-45CF-999E-4DD3A6F5500E}.Release|Any CPU.Build.0 = Release|Any CPU
	EndGlobalSection
	GlobalSection(SolutionProperties) = preSolution
		HideSolutionNode = FALSE
	EndGlobalSection
EndGlobal
